
Microsoft Visual Studio Solution File, Format Version 12.00
Project("{FAE04EC0-301F-11D3-BF4B-00C04F79EFBC}") = "ShoppingBasketA.Tests", "ShoppingBasketA.Tests\ShoppingBasketA.Tests.csproj", "{847ED86E-ADFD-486B-B21A-989AF01BC7C0}"
EndProject
Project("{FAE04EC0-301F-11D3-BF4B-00C04F79EFBC}") = "ShoppingBasketA", "ShoppingBasketA\ShoppingBasketA.csproj", "{08F557F2-C294-4522-BF25-F3AC9E0F5B9D}"
EndProject
Project("{FAE04EC0-301F-11D3-BF4B-00C04F79EFBC}") = "ShoppingBasketB", "ShoppingBasketB\ShoppingBasketB.csproj", "{97042E9B-F6B1-4C41-BD9C-A0D0A232C1A0}"
EndProject
Project("{FAE04EC0-301F-11D3-BF4B-00C04F79EFBC}") = "ShoppingBasketB.Tests", "ShoppingBasketB.Tests\ShoppingBasketB.Tests.csproj", "{1BA28344-81F4-400E-86D5-C33DC8736A2A}"
EndProject
Project("{FAE04EC0-301F-11D3-BF4B-00C04F79EFBC}") = "ShoppingBasketC", "ShoppingBasketC\ShoppingBasketC.csproj", "{CA72C223-B693-4B0C-9A69-F37A4FED30CF}"
EndProject
Project("{FAE04EC0-301F-11D3-BF4B-00C04F79EFBC}") = "ShoppingBasketC.Tests", "ShoppingBasketC.Tests\ShoppingBasketC.Tests.csproj", "{ECD816B6-0CDE-4528-A9FE-7E2E9C570C85}"
EndProject
Project("{FAE04EC0-301F-11D3-BF4B-00C04F79EFBC}") = "ShoppingBasketD", "ShoppingBasketD\ShoppingBasketD.csproj", "{BC5617C0-0876-400F-960C-B00696E05F8F}"
EndProject
Project("{FAE04EC0-301F-11D3-BF4B-00C04F79EFBC}") = "ShoppingBasketD.Tests", "ShoppingBasketD.Tests\ShoppingBasketD.Tests.csproj", "{6BD56970-74D7-4BDE-9E6B-4E2BAE3447B5}"
EndProject
Global
	GlobalSection(SolutionConfigurationPlatforms) = preSolution
		Debug|Any CPU = Debug|Any CPU
		Release|Any CPU = Release|Any CPU
	EndGlobalSection
	GlobalSection(ProjectConfigurationPlatforms) = postSolution
		{847ED86E-ADFD-486B-B21A-989AF01BC7C0}.Debug|Any CPU.ActiveCfg = Debug|Any CPU
		{847ED86E-ADFD-486B-B21A-989AF01BC7C0}.Debug|Any CPU.Build.0 = Debug|Any CPU
		{847ED86E-ADFD-486B-B21A-989AF01BC7C0}.Release|Any CPU.ActiveCfg = Release|Any CPU
		{847ED86E-ADFD-486B-B21A-989AF01BC7C0}.Release|Any CPU.Build.0 = Release|Any CPU
		{08F557F2-C294-4522-BF25-F3AC9E0F5B9D}.Debug|Any CPU.ActiveCfg = Debug|Any CPU
		{08F557F2-C294-4522-BF25-F3AC9E0F5B9D}.Debug|Any CPU.Build.0 = Debug|Any CPU
		{08F557F2-C294-4522-BF25-F3AC9E0F5B9D}.Release|Any CPU.ActiveCfg = Release|Any CPU
		{08F557F2-C294-4522-BF25-F3AC9E0F5B9D}.Release|Any CPU.Build.0 = Release|Any CPU
		{97042E9B-F6B1-4C41-BD9C-A0D0A232C1A0}.Debug|Any CPU.ActiveCfg = Debug|Any CPU
		{97042E9B-F6B1-4C41-BD9C-A0D0A232C1A0}.Debug|Any CPU.Build.0 = Debug|Any CPU
		{97042E9B-F6B1-4C41-BD9C-A0D0A232C1A0}.Release|Any CPU.ActiveCfg = Release|Any CPU
		{97042E9B-F6B1-4C41-BD9C-A0D0A232C1A0}.Release|Any CPU.Build.0 = Release|Any CPU
		{1BA28344-81F4-400E-86D5-C33DC8736A2A}.Debug|Any CPU.ActiveCfg = Debug|Any CPU
		{1BA28344-81F4-400E-86D5-C33DC8736A2A}.Debug|Any CPU.Build.0 = Debug|Any CPU
		{1BA28344-81F4-400E-86D5-C33DC8736A2A}.Release|Any CPU.ActiveCfg = Release|Any CPU
		{1BA28344-81F4-400E-86D5-C33DC8736A2A}.Release|Any CPU.Build.0 = Release|Any CPU
		{CA72C223-B693-4B0C-9A69-F37A4FED30CF}.Debug|Any CPU.ActiveCfg = Debug|Any CPU
		{CA72C223-B693-4B0C-9A69-F37A4FED30CF}.Debug|Any CPU.Build.0 = Debug|Any CPU
		{CA72C223-B693-4B0C-9A69-F37A4FED30CF}.Release|Any CPU.ActiveCfg = Release|Any CPU
		{CA72C223-B693-4B0C-9A69-F37A4FED30CF}.Release|Any CPU.Build.0 = Release|Any CPU
		{ECD816B6-0CDE-4528-A9FE-7E2E9C570C85}.Debug|Any CPU.ActiveCfg = Debug|Any CPU
		{ECD816B6-0CDE-4528-A9FE-7E2E9C570C85}.Debug|Any CPU.Build.0 = Debug|Any CPU
		{ECD816B6-0CDE-4528-A9FE-7E2E9C570C85}.Release|Any CPU.ActiveCfg = Release|Any CPU
		{ECD816B6-0CDE-4528-A9FE-7E2E9C570C85}.Release|Any CPU.Build.0 = Release|Any CPU
		{BC5617C0-0876-400F-960C-B00696E05F8F}.Debug|Any CPU.ActiveCfg = Debug|Any CPU
		{BC5617C0-0876-400F-960C-B00696E05F8F}.Debug|Any CPU.Build.0 = Debug|Any CPU
		{BC5617C0-0876-400F-960C-B00696E05F8F}.Release|Any CPU.ActiveCfg = Release|Any CPU
		{BC5617C0-0876-400F-960C-B00696E05F8F}.Release|Any CPU.Build.0 = Release|Any CPU
		{6BD56970-74D7-4BDE-9E6B-4E2BAE3447B5}.Debug|Any CPU.ActiveCfg = Debug|Any CPU
		{6BD56970-74D7-4BDE-9E6B-4E2BAE3447B5}.Debug|Any CPU.Build.0 = Debug|Any CPU
		{6BD56970-74D7-4BDE-9E6B-4E2BAE3447B5}.Release|Any CPU.ActiveCfg = Release|Any CPU
		{6BD56970-74D7-4BDE-9E6B-4E2BAE3447B5}.Release|Any CPU.Build.0 = Release|Any CPU
	EndGlobalSection
EndGlobal
